// !$*UTF8*$!
{
	archiveVersion = 1;
	classes = {
	};
	objectVersion = 48;
	objects = {

/* Begin PBXBuildFile section */
		596C8FD844F051B1879B0BD5 /* Pods_calendarlogUITests.framework in Frameworks */ = {isa = PBXBuildFile; fileRef = 10AF1425BACEC05F6F0733E5 /* Pods_calendarlogUITests.framework */; };
		9E4B31F795B8061C0EA2AA08 /* Pods_calendarlogTests.framework in Frameworks */ = {isa = PBXBuildFile; fileRef = 48BB0266C096E57EAB9622C5 /* Pods_calendarlogTests.framework */; };
		A7C0D2E49727111BAC30FEC2 /* Pods_calendarlog.framework in Frameworks */ = {isa = PBXBuildFile; fileRef = A70C5E7F2B0D090F9258EE11 /* Pods_calendarlog.framework */; };
		BD1ABEA920A1C4CA0072417B /* Assets.xcassets in Resources */ = {isa = PBXBuildFile; fileRef = BD1ABEA820A1C4CA0072417B /* Assets.xcassets */; };
		BD1ABEAB20A1DE810072417B /* ColorPalatte.swift in Sources */ = {isa = PBXBuildFile; fileRef = BD1ABEAA20A1DE810072417B /* ColorPalatte.swift */; };
		BD1FD4DF20A88A0C00BBBB07 /* LoginDetailViewController.swift in Sources */ = {isa = PBXBuildFile; fileRef = BD1FD4DE20A88A0C00BBBB07 /* LoginDetailViewController.swift */; };
		BD1FD4E120A88A1400BBBB07 /* RegisterViewController.swift in Sources */ = {isa = PBXBuildFile; fileRef = BD1FD4E020A88A1400BBBB07 /* RegisterViewController.swift */; };
		BD889B93209F779A005A8043 /* InfoPlist.strings in Resources */ = {isa = PBXBuildFile; fileRef = BD889B95209F779A005A8043 /* InfoPlist.strings */; };
		BD889B9D209F7ADD005A8043 /* LaunchScreen.storyboard in Resources */ = {isa = PBXBuildFile; fileRef = BD889B9C209F7ADD005A8043 /* LaunchScreen.storyboard */; };
		BD889BA120A1A468005A8043 /* Extenstions.swift in Sources */ = {isa = PBXBuildFile; fileRef = BD889BA020A1A468005A8043 /* Extenstions.swift */; };
		BD889BA320A1A4CC005A8043 /* SuperViewController.swift in Sources */ = {isa = PBXBuildFile; fileRef = BD889BA220A1A4CC005A8043 /* SuperViewController.swift */; };
		BDCECB2D20749318000519E0 /* AppDelegate.swift in Sources */ = {isa = PBXBuildFile; fileRef = BDCECB2C20749318000519E0 /* AppDelegate.swift */; };
		BDCECB2F20749318000519E0 /* LoginViewController.swift in Sources */ = {isa = PBXBuildFile; fileRef = BDCECB2E20749318000519E0 /* LoginViewController.swift */; };
		BDCECB3520749318000519E0 /* calendarlog.xcdatamodeld in Sources */ = {isa = PBXBuildFile; fileRef = BDCECB3320749318000519E0 /* calendarlog.xcdatamodeld */; };
		BDCECB4520749318000519E0 /* CalendarlogTests.swift in Sources */ = {isa = PBXBuildFile; fileRef = BDCECB4420749318000519E0 /* CalendarlogTests.swift */; };
		BDCECB5020749318000519E0 /* CalendarlogUITests.swift in Sources */ = {isa = PBXBuildFile; fileRef = BDCECB4F20749318000519E0 /* CalendarlogUITests.swift */; };
/* End PBXBuildFile section */

/* Begin PBXContainerItemProxy section */
		BDCECB4120749318000519E0 /* PBXContainerItemProxy */ = {
			isa = PBXContainerItemProxy;
			containerPortal = BDCECB2120749318000519E0 /* Project object */;
			proxyType = 1;
			remoteGlobalIDString = BDCECB2820749318000519E0;
			remoteInfo = calendarlog;
		};
		BDCECB4C20749318000519E0 /* PBXContainerItemProxy */ = {
			isa = PBXContainerItemProxy;
			containerPortal = BDCECB2120749318000519E0 /* Project object */;
			proxyType = 1;
			remoteGlobalIDString = BDCECB2820749318000519E0;
			remoteInfo = calendarlog;
		};
/* End PBXContainerItemProxy section */

/* Begin PBXFileReference section */
		10AF1425BACEC05F6F0733E5 /* Pods_calendarlogUITests.framework */ = {isa = PBXFileReference; explicitFileType = wrapper.framework; includeInIndex = 0; path = Pods_calendarlogUITests.framework; sourceTree = BUILT_PRODUCTS_DIR; };
		26A6B0D1568EC900FEBD8838 /* Pods-calendarlogTests.release.xcconfig */ = {isa = PBXFileReference; includeInIndex = 1; lastKnownFileType = text.xcconfig; name = "Pods-calendarlogTests.release.xcconfig"; path = "Pods/Target Support Files/Pods-calendarlogTests/Pods-calendarlogTests.release.xcconfig"; sourceTree = "<group>"; };
		3CBF37E63C46527E2196540E /* Pods-calendarlog.debug.xcconfig */ = {isa = PBXFileReference; includeInIndex = 1; lastKnownFileType = text.xcconfig; name = "Pods-calendarlog.debug.xcconfig"; path = "Pods/Target Support Files/Pods-calendarlog/Pods-calendarlog.debug.xcconfig"; sourceTree = "<group>"; };
		48BB0266C096E57EAB9622C5 /* Pods_calendarlogTests.framework */ = {isa = PBXFileReference; explicitFileType = wrapper.framework; includeInIndex = 0; path = Pods_calendarlogTests.framework; sourceTree = BUILT_PRODUCTS_DIR; };
		736222B48467A32EC8B496BA /* Pods-calendarlog.release.xcconfig */ = {isa = PBXFileReference; includeInIndex = 1; lastKnownFileType = text.xcconfig; name = "Pods-calendarlog.release.xcconfig"; path = "Pods/Target Support Files/Pods-calendarlog/Pods-calendarlog.release.xcconfig"; sourceTree = "<group>"; };
		772C4C7E6A67BA84593C247C /* Pods-calendarlogUITests.release.xcconfig */ = {isa = PBXFileReference; includeInIndex = 1; lastKnownFileType = text.xcconfig; name = "Pods-calendarlogUITests.release.xcconfig"; path = "Pods/Target Support Files/Pods-calendarlogUITests/Pods-calendarlogUITests.release.xcconfig"; sourceTree = "<group>"; };
		7CB0386452B9EC2F7B28F9DE /* Pods-calendarlogTests.debug.xcconfig */ = {isa = PBXFileReference; includeInIndex = 1; lastKnownFileType = text.xcconfig; name = "Pods-calendarlogTests.debug.xcconfig"; path = "Pods/Target Support Files/Pods-calendarlogTests/Pods-calendarlogTests.debug.xcconfig"; sourceTree = "<group>"; };
		A70C5E7F2B0D090F9258EE11 /* Pods_calendarlog.framework */ = {isa = PBXFileReference; explicitFileType = wrapper.framework; includeInIndex = 0; path = Pods_calendarlog.framework; sourceTree = BUILT_PRODUCTS_DIR; };
		BD1ABEA820A1C4CA0072417B /* Assets.xcassets */ = {isa = PBXFileReference; lastKnownFileType = folder.assetcatalog; path = Assets.xcassets; sourceTree = "<group>"; };
		BD1ABEAA20A1DE810072417B /* ColorPalatte.swift */ = {isa = PBXFileReference; lastKnownFileType = sourcecode.swift; path = ColorPalatte.swift; sourceTree = "<group>"; };
		BD1FD4DE20A88A0C00BBBB07 /* LoginDetailViewController.swift */ = {isa = PBXFileReference; lastKnownFileType = sourcecode.swift; path = LoginDetailViewController.swift; sourceTree = "<group>"; };
		BD1FD4E020A88A1400BBBB07 /* RegisterViewController.swift */ = {isa = PBXFileReference; lastKnownFileType = sourcecode.swift; path = RegisterViewController.swift; sourceTree = "<group>"; };
		BD889B98209F77C3005A8043 /* ko */ = {isa = PBXFileReference; lastKnownFileType = text.plist.strings; name = ko; path = ko.lproj/InfoPlist.strings; sourceTree = "<group>"; };
		BD889B99209F77DD005A8043 /* Base */ = {isa = PBXFileReference; lastKnownFileType = text.plist.strings; name = Base; path = Base.lproj/InfoPlist.strings; sourceTree = "<group>"; };
		BD889B9C209F7ADD005A8043 /* LaunchScreen.storyboard */ = {isa = PBXFileReference; lastKnownFileType = file.storyboard; path = LaunchScreen.storyboard; sourceTree = "<group>"; };
		BD889BA020A1A468005A8043 /* Extenstions.swift */ = {isa = PBXFileReference; lastKnownFileType = sourcecode.swift; path = Extenstions.swift; sourceTree = "<group>"; };
		BD889BA220A1A4CC005A8043 /* SuperViewController.swift */ = {isa = PBXFileReference; lastKnownFileType = sourcecode.swift; path = SuperViewController.swift; sourceTree = "<group>"; };
		BDCECB2920749318000519E0 /* calendarlog.app */ = {isa = PBXFileReference; explicitFileType = wrapper.application; includeInIndex = 0; path = calendarlog.app; sourceTree = BUILT_PRODUCTS_DIR; };
		BDCECB2C20749318000519E0 /* AppDelegate.swift */ = {isa = PBXFileReference; lastKnownFileType = sourcecode.swift; path = AppDelegate.swift; sourceTree = "<group>"; };
		BDCECB2E20749318000519E0 /* LoginViewController.swift */ = {isa = PBXFileReference; lastKnownFileType = sourcecode.swift; path = LoginViewController.swift; sourceTree = "<group>"; };
		BDCECB3420749318000519E0 /* calendarlog.xcdatamodel */ = {isa = PBXFileReference; lastKnownFileType = wrapper.xcdatamodel; path = calendarlog.xcdatamodel; sourceTree = "<group>"; };
		BDCECB3B20749318000519E0 /* Info.plist */ = {isa = PBXFileReference; lastKnownFileType = text.plist.xml; path = Info.plist; sourceTree = "<group>"; };
		BDCECB4020749318000519E0 /* calendarlogTests.xctest */ = {isa = PBXFileReference; explicitFileType = wrapper.cfbundle; includeInIndex = 0; path = calendarlogTests.xctest; sourceTree = BUILT_PRODUCTS_DIR; };
		BDCECB4420749318000519E0 /* CalendarlogTests.swift */ = {isa = PBXFileReference; lastKnownFileType = sourcecode.swift; path = CalendarlogTests.swift; sourceTree = "<group>"; };
		BDCECB4620749318000519E0 /* Info.plist */ = {isa = PBXFileReference; lastKnownFileType = text.plist.xml; path = Info.plist; sourceTree = "<group>"; };
		BDCECB4B20749318000519E0 /* calendarlogUITests.xctest */ = {isa = PBXFileReference; explicitFileType = wrapper.cfbundle; includeInIndex = 0; path = calendarlogUITests.xctest; sourceTree = BUILT_PRODUCTS_DIR; };
		BDCECB4F20749318000519E0 /* CalendarlogUITests.swift */ = {isa = PBXFileReference; lastKnownFileType = sourcecode.swift; path = CalendarlogUITests.swift; sourceTree = "<group>"; };
		BDCECB5120749318000519E0 /* Info.plist */ = {isa = PBXFileReference; lastKnownFileType = text.plist.xml; path = Info.plist; sourceTree = "<group>"; };
		D129450DD4A1B9C659D1C1AD /* Pods-calendarlogUITests.debug.xcconfig */ = {isa = PBXFileReference; includeInIndex = 1; lastKnownFileType = text.xcconfig; name = "Pods-calendarlogUITests.debug.xcconfig"; path = "Pods/Target Support Files/Pods-calendarlogUITests/Pods-calendarlogUITests.debug.xcconfig"; sourceTree = "<group>"; };
/* End PBXFileReference section */

/* Begin PBXFrameworksBuildPhase section */
		BDCECB2620749318000519E0 /* Frameworks */ = {
			isa = PBXFrameworksBuildPhase;
			buildActionMask = 2147483647;
			files = (
				A7C0D2E49727111BAC30FEC2 /* Pods_calendarlog.framework in Frameworks */,
			);
			runOnlyForDeploymentPostprocessing = 0;
		};
		BDCECB3D20749318000519E0 /* Frameworks */ = {
			isa = PBXFrameworksBuildPhase;
			buildActionMask = 2147483647;
			files = (
				9E4B31F795B8061C0EA2AA08 /* Pods_calendarlogTests.framework in Frameworks */,
			);
			runOnlyForDeploymentPostprocessing = 0;
		};
		BDCECB4820749318000519E0 /* Frameworks */ = {
			isa = PBXFrameworksBuildPhase;
			buildActionMask = 2147483647;
			files = (
				596C8FD844F051B1879B0BD5 /* Pods_calendarlogUITests.framework in Frameworks */,
			);
			runOnlyForDeploymentPostprocessing = 0;
		};
/* End PBXFrameworksBuildPhase section */

/* Begin PBXGroup section */
		24F3DBE26F7F4FD2BE977F4E /* Frameworks */ = {
			isa = PBXGroup;
			children = (
				A70C5E7F2B0D090F9258EE11 /* Pods_calendarlog.framework */,
				48BB0266C096E57EAB9622C5 /* Pods_calendarlogTests.framework */,
				10AF1425BACEC05F6F0733E5 /* Pods_calendarlogUITests.framework */,
			);
			name = Frameworks;
			sourceTree = "<group>";
		};
		BD1FD4DD20A889BB00BBBB07 /* ViewControllers */ = {
			isa = PBXGroup;
			children = (
				BD889BA220A1A4CC005A8043 /* SuperViewController.swift */,
				BDCECB2E20749318000519E0 /* LoginViewController.swift */,
				BD1FD4DE20A88A0C00BBBB07 /* LoginDetailViewController.swift */,
				BD1FD4E020A88A1400BBBB07 /* RegisterViewController.swift */,
			);
			path = ViewControllers;
			sourceTree = "<group>";
		};
		BD889B90209F7766005A8043 /* Strings */ = {
			isa = PBXGroup;
			children = (
				BD889B95209F779A005A8043 /* InfoPlist.strings */,
			);
			path = Strings;
			sourceTree = "<group>";
		};
		BD889B9F20A1A438005A8043 /* Utils */ = {
			isa = PBXGroup;
			children = (
				BD889BA020A1A468005A8043 /* Extenstions.swift */,
				BD1ABEAA20A1DE810072417B /* ColorPalatte.swift */,
			);
			path = Utils;
			sourceTree = "<group>";
		};
		BDCECB2020749318000519E0 = {
			isa = PBXGroup;
			children = (
				BDCECB2B20749318000519E0 /* calendarlog */,
				BDCECB4320749318000519E0 /* calendarlogTests */,
				BDCECB4E20749318000519E0 /* calendarlogUITests */,
				BDCECB2A20749318000519E0 /* Products */,
				E88FA0D499CA02B79BB2EE08 /* Pods */,
				24F3DBE26F7F4FD2BE977F4E /* Frameworks */,
			);
			sourceTree = "<group>";
		};
		BDCECB2A20749318000519E0 /* Products */ = {
			isa = PBXGroup;
			children = (
				BDCECB2920749318000519E0 /* calendarlog.app */,
				BDCECB4020749318000519E0 /* calendarlogTests.xctest */,
				BDCECB4B20749318000519E0 /* calendarlogUITests.xctest */,
			);
			name = Products;
			sourceTree = "<group>";
		};
		BDCECB2B20749318000519E0 /* calendarlog */ = {
			isa = PBXGroup;
			children = (
				BD1FD4DD20A889BB00BBBB07 /* ViewControllers */,
				BD889B9F20A1A438005A8043 /* Utils */,
				BD889B90209F7766005A8043 /* Strings */,
				BD1ABEA820A1C4CA0072417B /* Assets.xcassets */,
				BDCECB2C20749318000519E0 /* AppDelegate.swift */,
				BDCECB3B20749318000519E0 /* Info.plist */,
				BDCECB3320749318000519E0 /* calendarlog.xcdatamodeld */,
				BD889B9C209F7ADD005A8043 /* LaunchScreen.storyboard */,
			);
			path = calendarlog;
			sourceTree = "<group>";
		};
		BDCECB4320749318000519E0 /* calendarlogTests */ = {
			isa = PBXGroup;
			children = (
				BDCECB4420749318000519E0 /* CalendarlogTests.swift */,
				BDCECB4620749318000519E0 /* Info.plist */,
			);
			path = calendarlogTests;
			sourceTree = "<group>";
		};
		BDCECB4E20749318000519E0 /* calendarlogUITests */ = {
			isa = PBXGroup;
			children = (
				BDCECB4F20749318000519E0 /* CalendarlogUITests.swift */,
				BDCECB5120749318000519E0 /* Info.plist */,
			);
			path = calendarlogUITests;
			sourceTree = "<group>";
		};
		E88FA0D499CA02B79BB2EE08 /* Pods */ = {
			isa = PBXGroup;
			children = (
				3CBF37E63C46527E2196540E /* Pods-calendarlog.debug.xcconfig */,
				736222B48467A32EC8B496BA /* Pods-calendarlog.release.xcconfig */,
				7CB0386452B9EC2F7B28F9DE /* Pods-calendarlogTests.debug.xcconfig */,
				26A6B0D1568EC900FEBD8838 /* Pods-calendarlogTests.release.xcconfig */,
				D129450DD4A1B9C659D1C1AD /* Pods-calendarlogUITests.debug.xcconfig */,
				772C4C7E6A67BA84593C247C /* Pods-calendarlogUITests.release.xcconfig */,
			);
			name = Pods;
			sourceTree = "<group>";
		};
/* End PBXGroup section */

/* Begin PBXNativeTarget section */
		BDCECB2820749318000519E0 /* calendarlog */ = {
			isa = PBXNativeTarget;
			buildConfigurationList = BDCECB5420749318000519E0 /* Build configuration list for PBXNativeTarget "calendarlog" */;
			buildPhases = (
				0E63AD504DE0E767BC41C36F /* [CP] Check Pods Manifest.lock */,
				BDCECB2520749318000519E0 /* Sources */,
				BDCECB2620749318000519E0 /* Frameworks */,
				BDCECB2720749318000519E0 /* Resources */,
				012B23F01B0F894D5DF44597 /* [CP] Embed Pods Frameworks */,
				5AE425EBF3DCFD17BDA2B57D /* [CP] Copy Pods Resources */,
				BD889B9E20A15BD7005A8043 /* ShellScript */,
			);
			buildRules = (
			);
			dependencies = (
			);
			name = calendarlog;
			productName = calendarlog;
			productReference = BDCECB2920749318000519E0 /* calendarlog.app */;
			productType = "com.apple.product-type.application";
		};
		BDCECB3F20749318000519E0 /* calendarlogTests */ = {
			isa = PBXNativeTarget;
			buildConfigurationList = BDCECB5720749318000519E0 /* Build configuration list for PBXNativeTarget "calendarlogTests" */;
			buildPhases = (
				56D0B55FA7F452508785F86D /* [CP] Check Pods Manifest.lock */,
				BDCECB3C20749318000519E0 /* Sources */,
				BDCECB3D20749318000519E0 /* Frameworks */,
				BDCECB3E20749318000519E0 /* Resources */,
				377C50EA07B7EC2DAC0A1918 /* [CP] Embed Pods Frameworks */,
				01DDC6FBDBA429B6D3005184 /* [CP] Copy Pods Resources */,
			);
			buildRules = (
			);
			dependencies = (
				BDCECB4220749318000519E0 /* PBXTargetDependency */,
			);
			name = calendarlogTests;
			productName = calendarlogTests;
			productReference = BDCECB4020749318000519E0 /* calendarlogTests.xctest */;
			productType = "com.apple.product-type.bundle.unit-test";
		};
		BDCECB4A20749318000519E0 /* calendarlogUITests */ = {
			isa = PBXNativeTarget;
			buildConfigurationList = BDCECB5A20749318000519E0 /* Build configuration list for PBXNativeTarget "calendarlogUITests" */;
			buildPhases = (
				7A16A1440251D1BF81B2F1A6 /* [CP] Check Pods Manifest.lock */,
				BDCECB4720749318000519E0 /* Sources */,
				BDCECB4820749318000519E0 /* Frameworks */,
				BDCECB4920749318000519E0 /* Resources */,
				BEA7FE8235A29D64FA6A0A4F /* [CP] Embed Pods Frameworks */,
				02BF408B60D831B2A0EF841B /* [CP] Copy Pods Resources */,
			);
			buildRules = (
			);
			dependencies = (
				BDCECB4D20749318000519E0 /* PBXTargetDependency */,
			);
			name = calendarlogUITests;
			productName = calendarlogUITests;
			productReference = BDCECB4B20749318000519E0 /* calendarlogUITests.xctest */;
			productType = "com.apple.product-type.bundle.ui-testing";
		};
/* End PBXNativeTarget section */

/* Begin PBXProject section */
		BDCECB2120749318000519E0 /* Project object */ = {
			isa = PBXProject;
			attributes = {
				LastSwiftUpdateCheck = 0920;
				LastUpgradeCheck = 0930;
				ORGANIZATIONNAME = penguinexpedition;
				TargetAttributes = {
					BDCECB2820749318000519E0 = {
						CreatedOnToolsVersion = 9.2;
						ProvisioningStyle = Automatic;
					};
					BDCECB3F20749318000519E0 = {
						CreatedOnToolsVersion = 9.2;
						ProvisioningStyle = Automatic;
						TestTargetID = BDCECB2820749318000519E0;
					};
					BDCECB4A20749318000519E0 = {
						CreatedOnToolsVersion = 9.2;
						ProvisioningStyle = Automatic;
						TestTargetID = BDCECB2820749318000519E0;
					};
				};
			};
			buildConfigurationList = BDCECB2420749318000519E0 /* Build configuration list for PBXProject "calendarlog" */;
			compatibilityVersion = "Xcode 8.0";
			developmentRegion = en;
			hasScannedForEncodings = 0;
			knownRegions = (
				en,
				Base,
				ko,
			);
			mainGroup = BDCECB2020749318000519E0;
			productRefGroup = BDCECB2A20749318000519E0 /* Products */;
			projectDirPath = "";
			projectRoot = "";
			targets = (
				BDCECB2820749318000519E0 /* calendarlog */,
				BDCECB3F20749318000519E0 /* calendarlogTests */,
				BDCECB4A20749318000519E0 /* calendarlogUITests */,
			);
		};
/* End PBXProject section */

/* Begin PBXResourcesBuildPhase section */
		BDCECB2720749318000519E0 /* Resources */ = {
			isa = PBXResourcesBuildPhase;
			buildActionMask = 2147483647;
			files = (
				BD889B93209F779A005A8043 /* InfoPlist.strings in Resources */,
				BD1ABEA920A1C4CA0072417B /* Assets.xcassets in Resources */,
				BD889B9D209F7ADD005A8043 /* LaunchScreen.storyboard in Resources */,
			);
			runOnlyForDeploymentPostprocessing = 0;
		};
		BDCECB3E20749318000519E0 /* Resources */ = {
			isa = PBXResourcesBuildPhase;
			buildActionMask = 2147483647;
			files = (
			);
			runOnlyForDeploymentPostprocessing = 0;
		};
		BDCECB4920749318000519E0 /* Resources */ = {
			isa = PBXResourcesBuildPhase;
			buildActionMask = 2147483647;
			files = (
			);
			runOnlyForDeploymentPostprocessing = 0;
		};
/* End PBXResourcesBuildPhase section */

/* Begin PBXShellScriptBuildPhase section */
		012B23F01B0F894D5DF44597 /* [CP] Embed Pods Frameworks */ = {
			isa = PBXShellScriptBuildPhase;
			buildActionMask = 2147483647;
			files = (
			);
			inputPaths = (
				"${SRCROOT}/Pods/Target Support Files/Pods-calendarlog/Pods-calendarlog-frameworks.sh",
				"${BUILT_PRODUCTS_DIR}/SnapKit/SnapKit.framework",
			);
			name = "[CP] Embed Pods Frameworks";
			outputPaths = (
				"${TARGET_BUILD_DIR}/${FRAMEWORKS_FOLDER_PATH}/SnapKit.framework",
			);
			runOnlyForDeploymentPostprocessing = 0;
			shellPath = /bin/sh;
			shellScript = "\"${SRCROOT}/Pods/Target Support Files/Pods-calendarlog/Pods-calendarlog-frameworks.sh\"\n";
			showEnvVarsInLog = 0;
		};
		01DDC6FBDBA429B6D3005184 /* [CP] Copy Pods Resources */ = {
			isa = PBXShellScriptBuildPhase;
			buildActionMask = 2147483647;
			files = (
			);
			inputPaths = (
			);
			name = "[CP] Copy Pods Resources";
			outputPaths = (
			);
			runOnlyForDeploymentPostprocessing = 0;
			shellPath = /bin/sh;
			shellScript = "\"${SRCROOT}/Pods/Target Support Files/Pods-calendarlogTests/Pods-calendarlogTests-resources.sh\"\n";
			showEnvVarsInLog = 0;
		};
		02BF408B60D831B2A0EF841B /* [CP] Copy Pods Resources */ = {
			isa = PBXShellScriptBuildPhase;
			buildActionMask = 2147483647;
			files = (
			);
			inputPaths = (
			);
			name = "[CP] Copy Pods Resources";
			outputPaths = (
			);
			runOnlyForDeploymentPostprocessing = 0;
			shellPath = /bin/sh;
			shellScript = "\"${SRCROOT}/Pods/Target Support Files/Pods-calendarlogUITests/Pods-calendarlogUITests-resources.sh\"\n";
			showEnvVarsInLog = 0;
		};
		0E63AD504DE0E767BC41C36F /* [CP] Check Pods Manifest.lock */ = {
			isa = PBXShellScriptBuildPhase;
			buildActionMask = 2147483647;
			files = (
			);
			inputPaths = (
				"${PODS_PODFILE_DIR_PATH}/Podfile.lock",
				"${PODS_ROOT}/Manifest.lock",
			);
			name = "[CP] Check Pods Manifest.lock";
			outputPaths = (
				"$(DERIVED_FILE_DIR)/Pods-calendarlog-checkManifestLockResult.txt",
			);
			runOnlyForDeploymentPostprocessing = 0;
			shellPath = /bin/sh;
			shellScript = "diff \"${PODS_PODFILE_DIR_PATH}/Podfile.lock\" \"${PODS_ROOT}/Manifest.lock\" > /dev/null\nif [ $? != 0 ] ; then\n    # print error to STDERR\n    echo \"error: The sandbox is not in sync with the Podfile.lock. Run 'pod install' or update your CocoaPods installation.\" >&2\n    exit 1\nfi\n# This output is used by Xcode 'outputs' to avoid re-running this script phase.\necho \"SUCCESS\" > \"${SCRIPT_OUTPUT_FILE_0}\"\n";
			showEnvVarsInLog = 0;
		};
		377C50EA07B7EC2DAC0A1918 /* [CP] Embed Pods Frameworks */ = {
			isa = PBXShellScriptBuildPhase;
			buildActionMask = 2147483647;
			files = (
			);
			inputPaths = (
			);
			name = "[CP] Embed Pods Frameworks";
			outputPaths = (
			);
			runOnlyForDeploymentPostprocessing = 0;
			shellPath = /bin/sh;
			shellScript = "\"${SRCROOT}/Pods/Target Support Files/Pods-calendarlogTests/Pods-calendarlogTests-frameworks.sh\"\n";
			showEnvVarsInLog = 0;
		};
		56D0B55FA7F452508785F86D /* [CP] Check Pods Manifest.lock */ = {
			isa = PBXShellScriptBuildPhase;
			buildActionMask = 2147483647;
			files = (
			);
			inputPaths = (
				"${PODS_PODFILE_DIR_PATH}/Podfile.lock",
				"${PODS_ROOT}/Manifest.lock",
			);
			name = "[CP] Check Pods Manifest.lock";
			outputPaths = (
				"$(DERIVED_FILE_DIR)/Pods-calendarlogTests-checkManifestLockResult.txt",
			);
			runOnlyForDeploymentPostprocessing = 0;
			shellPath = /bin/sh;
			shellScript = "diff \"${PODS_PODFILE_DIR_PATH}/Podfile.lock\" \"${PODS_ROOT}/Manifest.lock\" > /dev/null\nif [ $? != 0 ] ; then\n    # print error to STDERR\n    echo \"error: The sandbox is not in sync with the Podfile.lock. Run 'pod install' or update your CocoaPods installation.\" >&2\n    exit 1\nfi\n# This output is used by Xcode 'outputs' to avoid re-running this script phase.\necho \"SUCCESS\" > \"${SCRIPT_OUTPUT_FILE_0}\"\n";
			showEnvVarsInLog = 0;
		};
		5AE425EBF3DCFD17BDA2B57D /* [CP] Copy Pods Resources */ = {
			isa = PBXShellScriptBuildPhase;
			buildActionMask = 2147483647;
			files = (
			);
			inputPaths = (
			);
			name = "[CP] Copy Pods Resources";
			outputPaths = (
			);
			runOnlyForDeploymentPostprocessing = 0;
			shellPath = /bin/sh;
			shellScript = "\"${SRCROOT}/Pods/Target Support Files/Pods-calendarlog/Pods-calendarlog-resources.sh\"\n";
			showEnvVarsInLog = 0;
		};
		7A16A1440251D1BF81B2F1A6 /* [CP] Check Pods Manifest.lock */ = {
			isa = PBXShellScriptBuildPhase;
			buildActionMask = 2147483647;
			files = (
			);
			inputPaths = (
				"${PODS_PODFILE_DIR_PATH}/Podfile.lock",
				"${PODS_ROOT}/Manifest.lock",
			);
			name = "[CP] Check Pods Manifest.lock";
			outputPaths = (
				"$(DERIVED_FILE_DIR)/Pods-calendarlogUITests-checkManifestLockResult.txt",
			);
			runOnlyForDeploymentPostprocessing = 0;
			shellPath = /bin/sh;
			shellScript = "diff \"${PODS_PODFILE_DIR_PATH}/Podfile.lock\" \"${PODS_ROOT}/Manifest.lock\" > /dev/null\nif [ $? != 0 ] ; then\n    # print error to STDERR\n    echo \"error: The sandbox is not in sync with the Podfile.lock. Run 'pod install' or update your CocoaPods installation.\" >&2\n    exit 1\nfi\n# This output is used by Xcode 'outputs' to avoid re-running this script phase.\necho \"SUCCESS\" > \"${SCRIPT_OUTPUT_FILE_0}\"\n";
			showEnvVarsInLog = 0;
		};
		BD889B9E20A15BD7005A8043 /* ShellScript */ = {
			isa = PBXShellScriptBuildPhase;
			buildActionMask = 2147483647;
			files = (
			);
			inputPaths = (
			);
			outputPaths = (
			);
			runOnlyForDeploymentPostprocessing = 0;
			shellPath = /bin/sh;
			shellScript = "\"${PODS_ROOT}/SwiftLint/swiftlint\"";
		};
		BEA7FE8235A29D64FA6A0A4F /* [CP] Embed Pods Frameworks */ = {
			isa = PBXShellScriptBuildPhase;
			buildActionMask = 2147483647;
			files = (
			);
			inputPaths = (
			);
			name = "[CP] Embed Pods Frameworks";
			outputPaths = (
			);
			runOnlyForDeploymentPostprocessing = 0;
			shellPath = /bin/sh;
			shellScript = "\"${SRCROOT}/Pods/Target Support Files/Pods-calendarlogUITests/Pods-calendarlogUITests-frameworks.sh\"\n";
			showEnvVarsInLog = 0;
		};
/* End PBXShellScriptBuildPhase section */

/* Begin PBXSourcesBuildPhase section */
		BDCECB2520749318000519E0 /* Sources */ = {
			isa = PBXSourcesBuildPhase;
			buildActionMask = 2147483647;
			files = (
				BD889BA120A1A468005A8043 /* Extenstions.swift in Sources */,
				BD1ABEAB20A1DE810072417B /* ColorPalatte.swift in Sources */,
				BD1FD4DF20A88A0C00BBBB07 /* LoginDetailViewController.swift in Sources */,
				BD1FD4E120A88A1400BBBB07 /* RegisterViewController.swift in Sources */,
				BDCECB2F20749318000519E0 /* LoginViewController.swift in Sources */,
				BD889BA320A1A4CC005A8043 /* SuperViewController.swift in Sources */,
				BDCECB2D20749318000519E0 /* AppDelegate.swift in Sources */,
				BDCECB3520749318000519E0 /* calendarlog.xcdatamodeld in Sources */,
			);
			runOnlyForDeploymentPostprocessing = 0;
		};
		BDCECB3C20749318000519E0 /* Sources */ = {
			isa = PBXSourcesBuildPhase;
			buildActionMask = 2147483647;
			files = (
				BDCECB4520749318000519E0 /* CalendarlogTests.swift in Sources */,
			);
			runOnlyForDeploymentPostprocessing = 0;
		};
		BDCECB4720749318000519E0 /* Sources */ = {
			isa = PBXSourcesBuildPhase;
			buildActionMask = 2147483647;
			files = (
				BDCECB5020749318000519E0 /* CalendarlogUITests.swift in Sources */,
			);
			runOnlyForDeploymentPostprocessing = 0;
		};
/* End PBXSourcesBuildPhase section */

/* Begin PBXTargetDependency section */
		BDCECB4220749318000519E0 /* PBXTargetDependency */ = {
			isa = PBXTargetDependency;
			target = BDCECB2820749318000519E0 /* calendarlog */;
			targetProxy = BDCECB4120749318000519E0 /* PBXContainerItemProxy */;
		};
		BDCECB4D20749318000519E0 /* PBXTargetDependency */ = {
			isa = PBXTargetDependency;
			target = BDCECB2820749318000519E0 /* calendarlog */;
			targetProxy = BDCECB4C20749318000519E0 /* PBXContainerItemProxy */;
		};
/* End PBXTargetDependency section */

/* Begin PBXVariantGroup section */
		BD889B95209F779A005A8043 /* InfoPlist.strings */ = {
			isa = PBXVariantGroup;
			children = (
				BD889B98209F77C3005A8043 /* ko */,
				BD889B99209F77DD005A8043 /* Base */,
			);
			name = InfoPlist.strings;
			sourceTree = "<group>";
		};
/* End PBXVariantGroup section */

/* Begin XCBuildConfiguration section */
		BDCECB5220749318000519E0 /* Debug */ = {
			isa = XCBuildConfiguration;
			buildSettings = {
				ALWAYS_SEARCH_USER_PATHS = NO;
				CLANG_ANALYZER_LOCALIZABILITY_NONLOCALIZED = YES;
				CLANG_ANALYZER_NONNULL = YES;
				CLANG_ANALYZER_NUMBER_OBJECT_CONVERSION = YES_AGGRESSIVE;
				CLANG_CXX_LANGUAGE_STANDARD = "gnu++14";
				CLANG_CXX_LIBRARY = "libc++";
				CLANG_ENABLE_MODULES = YES;
				CLANG_ENABLE_OBJC_ARC = YES;
				CLANG_WARN_BLOCK_CAPTURE_AUTORELEASING = YES;
				CLANG_WARN_BOOL_CONVERSION = YES;
				CLANG_WARN_COMMA = YES;
				CLANG_WARN_CONSTANT_CONVERSION = YES;
				CLANG_WARN_DEPRECATED_OBJC_IMPLEMENTATIONS = YES;
				CLANG_WARN_DIRECT_OBJC_ISA_USAGE = YES_ERROR;
				CLANG_WARN_DOCUMENTATION_COMMENTS = YES;
				CLANG_WARN_EMPTY_BODY = YES;
				CLANG_WARN_ENUM_CONVERSION = YES;
				CLANG_WARN_INFINITE_RECURSION = YES;
				CLANG_WARN_INT_CONVERSION = YES;
				CLANG_WARN_NON_LITERAL_NULL_CONVERSION = YES;
				CLANG_WARN_OBJC_IMPLICIT_RETAIN_SELF = YES;
				CLANG_WARN_OBJC_LITERAL_CONVERSION = YES;
				CLANG_WARN_OBJC_ROOT_CLASS = YES_ERROR;
				CLANG_WARN_RANGE_LOOP_ANALYSIS = YES;
				CLANG_WARN_STRICT_PROTOTYPES = YES;
				CLANG_WARN_SUSPICIOUS_MOVE = YES;
				CLANG_WARN_UNGUARDED_AVAILABILITY = YES_AGGRESSIVE;
				CLANG_WARN_UNREACHABLE_CODE = YES;
				CLANG_WARN__DUPLICATE_METHOD_MATCH = YES;
				CODE_SIGN_IDENTITY = "iPhone Developer";
				COPY_PHASE_STRIP = NO;
				DEBUG_INFORMATION_FORMAT = dwarf;
				ENABLE_STRICT_OBJC_MSGSEND = YES;
				ENABLE_TESTABILITY = YES;
				GCC_C_LANGUAGE_STANDARD = gnu11;
				GCC_DYNAMIC_NO_PIC = NO;
				GCC_NO_COMMON_BLOCKS = YES;
				GCC_OPTIMIZATION_LEVEL = 0;
				GCC_PREPROCESSOR_DEFINITIONS = (
					"DEBUG=1",
					"$(inherited)",
				);
				GCC_WARN_64_TO_32_BIT_CONVERSION = YES;
				GCC_WARN_ABOUT_RETURN_TYPE = YES_ERROR;
				GCC_WARN_UNDECLARED_SELECTOR = YES;
				GCC_WARN_UNINITIALIZED_AUTOS = YES_AGGRESSIVE;
				GCC_WARN_UNUSED_FUNCTION = YES;
				GCC_WARN_UNUSED_VARIABLE = YES;
				IPHONEOS_DEPLOYMENT_TARGET = 11.2;
				MTL_ENABLE_DEBUG_INFO = YES;
				ONLY_ACTIVE_ARCH = YES;
				SDKROOT = iphoneos;
				SWIFT_ACTIVE_COMPILATION_CONDITIONS = DEBUG;
				SWIFT_OPTIMIZATION_LEVEL = "-Onone";
			};
			name = Debug;
		};
		BDCECB5320749318000519E0 /* Release */ = {
			isa = XCBuildConfiguration;
			buildSettings = {
				ALWAYS_SEARCH_USER_PATHS = NO;
				CLANG_ANALYZER_LOCALIZABILITY_NONLOCALIZED = YES;
				CLANG_ANALYZER_NONNULL = YES;
				CLANG_ANALYZER_NUMBER_OBJECT_CONVERSION = YES_AGGRESSIVE;
				CLANG_CXX_LANGUAGE_STANDARD = "gnu++14";
				CLANG_CXX_LIBRARY = "libc++";
				CLANG_ENABLE_MODULES = YES;
				CLANG_ENABLE_OBJC_ARC = YES;
				CLANG_WARN_BLOCK_CAPTURE_AUTORELEASING = YES;
				CLANG_WARN_BOOL_CONVERSION = YES;
				CLANG_WARN_COMMA = YES;
				CLANG_WARN_CONSTANT_CONVERSION = YES;
				CLANG_WARN_DEPRECATED_OBJC_IMPLEMENTATIONS = YES;
				CLANG_WARN_DIRECT_OBJC_ISA_USAGE = YES_ERROR;
				CLANG_WARN_DOCUMENTATION_COMMENTS = YES;
				CLANG_WARN_EMPTY_BODY = YES;
				CLANG_WARN_ENUM_CONVERSION = YES;
				CLANG_WARN_INFINITE_RECURSION = YES;
				CLANG_WARN_INT_CONVERSION = YES;
				CLANG_WARN_NON_LITERAL_NULL_CONVERSION = YES;
				CLANG_WARN_OBJC_IMPLICIT_RETAIN_SELF = YES;
				CLANG_WARN_OBJC_LITERAL_CONVERSION = YES;
				CLANG_WARN_OBJC_ROOT_CLASS = YES_ERROR;
				CLANG_WARN_RANGE_LOOP_ANALYSIS = YES;
				CLANG_WARN_STRICT_PROTOTYPES = YES;
				CLANG_WARN_SUSPICIOUS_MOVE = YES;
				CLANG_WARN_UNGUARDED_AVAILABILITY = YES_AGGRESSIVE;
				CLANG_WARN_UNREACHABLE_CODE = YES;
				CLANG_WARN__DUPLICATE_METHOD_MATCH = YES;
				CODE_SIGN_IDENTITY = "iPhone Developer";
				COPY_PHASE_STRIP = NO;
				DEBUG_INFORMATION_FORMAT = "dwarf-with-dsym";
				ENABLE_NS_ASSERTIONS = NO;
				ENABLE_STRICT_OBJC_MSGSEND = YES;
				GCC_C_LANGUAGE_STANDARD = gnu11;
				GCC_NO_COMMON_BLOCKS = YES;
				GCC_WARN_64_TO_32_BIT_CONVERSION = YES;
				GCC_WARN_ABOUT_RETURN_TYPE = YES_ERROR;
				GCC_WARN_UNDECLARED_SELECTOR = YES;
				GCC_WARN_UNINITIALIZED_AUTOS = YES_AGGRESSIVE;
				GCC_WARN_UNUSED_FUNCTION = YES;
				GCC_WARN_UNUSED_VARIABLE = YES;
				IPHONEOS_DEPLOYMENT_TARGET = 11.2;
				MTL_ENABLE_DEBUG_INFO = NO;
				SDKROOT = iphoneos;
				SWIFT_OPTIMIZATION_LEVEL = "-Owholemodule";
				VALIDATE_PRODUCT = YES;
			};
			name = Release;
		};
		BDCECB5520749318000519E0 /* Debug */ = {
			isa = XCBuildConfiguration;
			baseConfigurationReference = 3CBF37E63C46527E2196540E /* Pods-calendarlog.debug.xcconfig */;
			buildSettings = {
				ASSETCATALOG_COMPILER_APPICON_NAME = AppIcon;
				CODE_SIGN_STYLE = Automatic;
				DEVELOPMENT_TEAM = XPR8797A9F;
				INFOPLIST_FILE = calendarlog/Info.plist;
				IPHONEOS_DEPLOYMENT_TARGET = 11.2;
				LD_RUNPATH_SEARCH_PATHS = "$(inherited) @executable_path/Frameworks";
				PRODUCT_BUNDLE_IDENTIFIER = com.penguinexpedition.ios.calendarlog;
				PRODUCT_NAME = "$(TARGET_NAME)";
				SWIFT_VERSION = 4.0;
				TARGETED_DEVICE_FAMILY = "1,2";
			};
			name = Debug;
		};
		BDCECB5620749318000519E0 /* Release */ = {
			isa = XCBuildConfiguration;
			baseConfigurationReference = 736222B48467A32EC8B496BA /* Pods-calendarlog.release.xcconfig */;
			buildSettings = {
				ASSETCATALOG_COMPILER_APPICON_NAME = AppIcon;
				CODE_SIGN_STYLE = Automatic;
				DEVELOPMENT_TEAM = XPR8797A9F;
				INFOPLIST_FILE = calendarlog/Info.plist;
				IPHONEOS_DEPLOYMENT_TARGET = 11.2;
				LD_RUNPATH_SEARCH_PATHS = "$(inherited) @executable_path/Frameworks";
				PRODUCT_BUNDLE_IDENTIFIER = com.penguinexpedition.ios.calendarlog;
				PRODUCT_NAME = "$(TARGET_NAME)";
				SWIFT_VERSION = 4.0;
				TARGETED_DEVICE_FAMILY = "1,2";
			};
			name = Release;
		};
		BDCECB5820749318000519E0 /* Debug */ = {
			isa = XCBuildConfiguration;
			baseConfigurationReference = 7CB0386452B9EC2F7B28F9DE /* Pods-calendarlogTests.debug.xcconfig */;
			buildSettings = {
				ALWAYS_EMBED_SWIFT_STANDARD_LIBRARIES = YES;
				BUNDLE_LOADER = "$(TEST_HOST)";
				CODE_SIGN_STYLE = Automatic;
				INFOPLIST_FILE = calendarlogTests/Info.plist;
				LD_RUNPATH_SEARCH_PATHS = "$(inherited) @executable_path/Frameworks @loader_path/Frameworks";
				PRODUCT_BUNDLE_IDENTIFIER = com.penguinexpedition.ios.calendarlogTests;
				PRODUCT_NAME = "$(TARGET_NAME)";
				SWIFT_VERSION = 4.0;
				TARGETED_DEVICE_FAMILY = "1,2";
				TEST_HOST = "$(BUILT_PRODUCTS_DIR)/calendarlog.app/calendarlog";
			};
			name = Debug;
		};
		BDCECB5920749318000519E0 /* Release */ = {
			isa = XCBuildConfiguration;
			baseConfigurationReference = 26A6B0D1568EC900FEBD8838 /* Pods-calendarlogTests.release.xcconfig */;
			buildSettings = {
				ALWAYS_EMBED_SWIFT_STANDARD_LIBRARIES = YES;
				BUNDLE_LOADER = "$(TEST_HOST)";
				CODE_SIGN_STYLE = Automatic;
				INFOPLIST_FILE = calendarlogTests/Info.plist;
				LD_RUNPATH_SEARCH_PATHS = "$(inherited) @executable_path/Frameworks @loader_path/Frameworks";
				PRODUCT_BUNDLE_IDENTIFIER = com.penguinexpedition.ios.calendarlogTests;
				PRODUCT_NAME = "$(TARGET_NAME)";
				SWIFT_VERSION = 4.0;
				TARGETED_DEVICE_FAMILY = "1,2";
				TEST_HOST = "$(BUILT_PRODUCTS_DIR)/calendarlog.app/calendarlog";
			};
			name = Release;
		};
		BDCECB5B20749318000519E0 /* Debug */ = {
			isa = XCBuildConfiguration;
			baseConfigurationReference = D129450DD4A1B9C659D1C1AD /* Pods-calendarlogUITests.debug.xcconfig */;
			buildSettings = {
				ALWAYS_EMBED_SWIFT_STANDARD_LIBRARIES = YES;
				CODE_SIGN_STYLE = Automatic;
				INFOPLIST_FILE = calendarlogUITests/Info.plist;
				LD_RUNPATH_SEARCH_PATHS = "$(inherited) @executable_path/Frameworks @loader_path/Frameworks";
				PRODUCT_BUNDLE_IDENTIFIER = com.penguinexpedition.ios.calendarlogUITests;
				PRODUCT_NAME = "$(TARGET_NAME)";
				SWIFT_VERSION = 4.0;
				TARGETED_DEVICE_FAMILY = "1,2";
				TEST_TARGET_NAME = calendarlog;
			};
			name = Debug;
		};
		BDCECB5C20749318000519E0 /* Release */ = {
			isa = XCBuildConfiguration;
			baseConfigurationReference = 772C4C7E6A67BA84593C247C /* Pods-calendarlogUITests.release.xcconfig */;
			buildSettings = {
				ALWAYS_EMBED_SWIFT_STANDARD_LIBRARIES = YES;
				CODE_SIGN_STYLE = Automatic;
				INFOPLIST_FILE = calendarlogUITests/Info.plist;
				LD_RUNPATH_SEARCH_PATHS = "$(inherited) @executable_path/Frameworks @loader_path/Frameworks";
				PRODUCT_BUNDLE_IDENTIFIER = com.penguinexpedition.ios.calendarlogUITests;
				PRODUCT_NAME = "$(TARGET_NAME)";
				SWIFT_VERSION = 4.0;
				TARGETED_DEVICE_FAMILY = "1,2";
				TEST_TARGET_NAME = calendarlog;
			};
			name = Release;
		};
/* End XCBuildConfiguration section */

/* Begin XCConfigurationList section */
		BDCECB2420749318000519E0 /* Build configuration list for PBXProject "calendarlog" */ = {
			isa = XCConfigurationList;
			buildConfigurations = (
				BDCECB5220749318000519E0 /* Debug */,
				BDCECB5320749318000519E0 /* Release */,
			);
			defaultConfigurationIsVisible = 0;
			defaultConfigurationName = Release;
		};
		BDCECB5420749318000519E0 /* Build configuration list for PBXNativeTarget "calendarlog" */ = {
			isa = XCConfigurationList;
			buildConfigurations = (
				BDCECB5520749318000519E0 /* Debug */,
				BDCECB5620749318000519E0 /* Release */,
			);
			defaultConfigurationIsVisible = 0;
			defaultConfigurationName = Release;
		};
		BDCECB5720749318000519E0 /* Build configuration list for PBXNativeTarget "calendarlogTests" */ = {
			isa = XCConfigurationList;
			buildConfigurations = (
				BDCECB5820749318000519E0 /* Debug */,
				BDCECB5920749318000519E0 /* Release */,
			);
			defaultConfigurationIsVisible = 0;
			defaultConfigurationName = Release;
		};
		BDCECB5A20749318000519E0 /* Build configuration list for PBXNativeTarget "calendarlogUITests" */ = {
			isa = XCConfigurationList;
			buildConfigurations = (
				BDCECB5B20749318000519E0 /* Debug */,
				BDCECB5C20749318000519E0 /* Release */,
			);
			defaultConfigurationIsVisible = 0;
			defaultConfigurationName = Release;
		};
/* End XCConfigurationList section */

/* Begin XCVersionGroup section */
		BDCECB3320749318000519E0 /* calendarlog.xcdatamodeld */ = {
			isa = XCVersionGroup;
			children = (
				BDCECB3420749318000519E0 /* calendarlog.xcdatamodel */,
			);
			currentVersion = BDCECB3420749318000519E0 /* calendarlog.xcdatamodel */;
			path = calendarlog.xcdatamodeld;
			sourceTree = "<group>";
			versionGroupType = wrapper.xcdatamodel;
		};
/* End XCVersionGroup section */
	};
	rootObject = BDCECB2120749318000519E0 /* Project object */;
}
