PODS:
  - SnapKit (4.0.0)
  - SwiftLint (0.25.0)

DEPENDENCIES:
  - SnapKit (~> 4.0.0)
  - SwiftLint

SPEC CHECKSUMS:
  SnapKit: a42d492c16e80209130a3379f73596c3454b7694
  SwiftLint: e14651157288e9e01d6e1a71db7014fb5744a8ea

PODFILE CHECKSUM: 8b1e0e04c6198684ca7500e9972aa6d7869f778b

COCOAPODS: 1.4.0
